
Microsoft Visual Studio Solution File, Format Version 12.00
# Visual Studio Version 17
VisualStudioVersion = 17.14.36518.9 d17.14
MinimumVisualStudioVersion = 10.0.40219.1
Project("{FAE04EC0-301F-11D3-BF4B-00C04F79EFBC}") = "Chat_Interfaces", "Chat_Interfaces\Chat_Interfaces.csproj", "{B99A7C1A-E111-472A-A28C-8C94B72D2EF2}"
EndProject
Global
	GlobalSection(SolutionConfigurationPlatforms) = preSolution
		Debug|Any CPU = Debug|Any CPU
		Release|Any CPU = Release|Any CPU
	EndGlobalSection
	GlobalSection(ProjectConfigurationPlatforms) = postSolution
		{B99A7C1A-E111-472A-A28C-8C94B72D2EF2}.Debug|Any CPU.ActiveCfg = Debug|Any CPU
		{B99A7C1A-E111-472A-A28C-8C94B72D2EF2}.Debug|Any CPU.Build.0 = Debug|Any CPU
		{B99A7C1A-E111-472A-A28C-8C94B72D2EF2}.Release|Any CPU.ActiveCfg = Release|Any CPU
		{B99A7C1A-E111-472A-A28C-8C94B72D2EF2}.Release|Any CPU.Build.0 = Release|Any CPU
	EndGlobalSection
	GlobalSection(SolutionProperties) = preSolution
		HideSolutionNode = FALSE
	EndGlobalSection
	GlobalSection(ExtensibilityGlobals) = postSolution
		SolutionGuid = {FF42AEB8-F212-4900-8995-55910A4642A1}
	EndGlobalSection
EndGlobal
